# This file is @generated by PDM.
# It is not intended for manual editing.

[[package]]
name = "factory-boy"
version = "3.3.0"
requires_python = ">=3.7"
summary = "A versatile test fixtures replacement based on thoughtbot's factory_bot for Ruby."
dependencies = [
    "Faker>=0.7.0",
]

[[package]]
name = "faker"
version = "19.2.0"
requires_python = ">=3.8"
summary = "Faker is a Python package that generates fake data for you."
dependencies = [
    "python-dateutil>=2.4",
]

[[package]]
name = "python-dateutil"
version = "2.8.2"
requires_python = "!=3.0.*,!=3.1.*,!=3.2.*,>=2.7"
summary = "Extensions to the standard Python datetime module"
dependencies = [
    "six>=1.5",
]

[[package]]
name = "six"
version = "1.16.0"
requires_python = ">=2.7, !=3.0.*, !=3.1.*, !=3.2.*"
summary = "Python 2 and 3 compatibility utilities"

[metadata]
lock_version = "4.2"
groups = ["default"]
content_hash = "sha256:1f42b3c758ed8824508d52dbf8b7b50ae2ce03db66a65679496e9a80e6356eab"

[metadata.files]
"factory-boy 3.3.0" = [
    {url = "https://files.pythonhosted.org/packages/7d/37/69bc18ffa39ae7723b61ca0dde30130ea45f9127c129f084f5c6ca5d5dae/factory_boy-3.3.0-py2.py3-none-any.whl", hash = "sha256:a2cdbdb63228177aa4f1c52f4b6d83fab2b8623bf602c7dedd7eb83c0f69c04c"},
    {url = "https://files.pythonhosted.org/packages/ec/02/30796763f5661ef0028e12f09b66757b2c8dd1ab783d6b7e6d834a404884/factory_boy-3.3.0.tar.gz", hash = "sha256:bc76d97d1a65bbd9842a6d722882098eb549ec8ee1081f9fb2e8ff29f0c300f1"},
]
"faker 19.2.0" = [
    {url = "https://files.pythonhosted.org/packages/6c/1d/8030a4cccfe57b66125cf555ba71a2e5f7c96196cfe7d442b72e42da1230/Faker-19.2.0-py3-none-any.whl", hash = "sha256:c6c1218482faf79ae1d791bb7124067d12339e0b8f400de855e2c281bcf78c77"},
    {url = "https://files.pythonhosted.org/packages/b8/d6/4d9eefbe9152e90e6d91cb8a1e12ce86989178e18e7938910bfde9b4ceb2/Faker-19.2.0.tar.gz", hash = "sha256:78840b94843f3aa32a34a220b2b5e8b309e3ffff3a231b0c54e841bb68e0757d"},
]
"python-dateutil 2.8.2" = [
    {url = "https://files.pythonhosted.org/packages/36/7a/87837f39d0296e723bb9b62bbb257d0355c7f6128853c78955f57342a56d/python_dateutil-2.8.2-py2.py3-none-any.whl", hash = "sha256:961d03dc3453ebbc59dbdea9e4e11c5651520a876d0f4db161e8674aae935da9"},
    {url = "https://files.pythonhosted.org/packages/4c/c4/13b4776ea2d76c115c1d1b84579f3764ee6d57204f6be27119f13a61d0a9/python-dateutil-2.8.2.tar.gz", hash = "sha256:0123cacc1627ae19ddf3c27a5de5bd67ee4586fbdd6440d9748f8abb483d3e86"},
]
"six 1.16.0" = [
    {url = "https://files.pythonhosted.org/packages/71/39/171f1c67cd00715f190ba0b100d606d440a28c93c7714febeca8b79af85e/six-1.16.0.tar.gz", hash = "sha256:1e61c37477a1626458e36f7b1d82aa5c9b094fa4802892072e49de9c60c4c926"},
    {url = "https://files.pythonhosted.org/packages/d9/5a/e7c31adbe875f2abbb91bd84cf2dc52d792b5a01506781dbcf25c91daf11/six-1.16.0-py2.py3-none-any.whl", hash = "sha256:8abb2f1d86890a2dfb989f9a77cfcfd3e47c2a354b01111771326f8aa26e0254"},
]
